
Microsoft Visual Studio Solution File, Format Version 12.00
# Visual Studio Version 16
VisualStudioVersion = 16.0.29403.142
MinimumVisualStudioVersion = 10.0.40219.1
Project("{9A19103F-16F7-4668-BE54-9A1E7A4F7556}") = "ArtOfUnitTesting.UI", "ArtOfUnitTesting.UI\ArtOfUnitTesting.UI.csproj", "{DD9E966E-6902-4CA8-A7B1-D0502AC72617}"
EndProject
Project("{9A19103F-16F7-4668-BE54-9A1E7A4F7556}") = "Service", "Service\Service.csproj", "{C385F3AE-188A-4AD3-B1D9-E0786662FFAC}"
EndProject
Project("{9A19103F-16F7-4668-BE54-9A1E7A4F7556}") = "NUnitTest", "NUnitTest\NUnitTest.csproj", "{6F5A7D53-E233-421B-A5B1-0E1231B0069F}"
EndProject
Project("{9A19103F-16F7-4668-BE54-9A1E7A4F7556}") = "InternalChecker", "InternalChecker\InternalChecker.csproj", "{D4F4549F-4B3F-4134-B5A4-409E9D900C55}"
EndProject
Project("{9A19103F-16F7-4668-BE54-9A1E7A4F7556}") = "Tester.Console", "Tester.Console\Tester.Console.csproj", "{1279BB1A-D355-4F71-98F2-FBD6E0FAF1CD}"
EndProject
Project("{FAE04EC0-301F-11D3-BF4B-00C04F79EFBC}") = "AUT.Test", "AUT.Test\AUT.Test.csproj", "{73AD9731-B8D4-4357-9953-00144CAADAB2}"
EndProject
Project("{FAE04EC0-301F-11D3-BF4B-00C04F79EFBC}") = "AUT.Revise", "AUT.Revise\AUT.Revise.csproj", "{BA846F22-3F62-41EF-86F2-DF1FCF41D5FD}"
EndProject
Project("{2150E333-8FDC-42A3-9474-1A3956D46DE8}") = "Tests", "Tests", "{DC7267BD-2E13-4C4D-9BED-2699F62BAEF6}"
EndProject
Project("{9A19103F-16F7-4668-BE54-9A1E7A4F7556}") = "Explore.AutoFixture", "Explore.AutoFixture\Explore.AutoFixture.csproj", "{807EDB2D-0396-4F1D-9866-B919191004F6}"
EndProject
Project("{2150E333-8FDC-42A3-9474-1A3956D46DE8}") = "Explore", "Explore", "{CCB56BC3-8F2F-4793-9C0D-0BF1A95CE05E}"
EndProject
Project("{9A19103F-16F7-4668-BE54-9A1E7A4F7556}") = "Explore.XUnit", "Explore.XUnit\Explore.XUnit.csproj", "{A92FE3C5-596C-4678-9AC5-2CBF8E4F6B15}"
EndProject
Project("{FAE04EC0-301F-11D3-BF4B-00C04F79EFBC}") = "Explore.Shouldly", "Explore.Shouldly\Explore.Shouldly.csproj", "{41FC8355-A3BA-4F5F-BC94-C1BA45C3DECA}"
EndProject
Global
	GlobalSection(SolutionConfigurationPlatforms) = preSolution
		Debug|Any CPU = Debug|Any CPU
		Release|Any CPU = Release|Any CPU
	EndGlobalSection
	GlobalSection(ProjectConfigurationPlatforms) = postSolution
		{DD9E966E-6902-4CA8-A7B1-D0502AC72617}.Debug|Any CPU.ActiveCfg = Debug|Any CPU
		{DD9E966E-6902-4CA8-A7B1-D0502AC72617}.Debug|Any CPU.Build.0 = Debug|Any CPU
		{DD9E966E-6902-4CA8-A7B1-D0502AC72617}.Release|Any CPU.ActiveCfg = Release|Any CPU
		{DD9E966E-6902-4CA8-A7B1-D0502AC72617}.Release|Any CPU.Build.0 = Release|Any CPU
		{C385F3AE-188A-4AD3-B1D9-E0786662FFAC}.Debug|Any CPU.ActiveCfg = Debug|Any CPU
		{C385F3AE-188A-4AD3-B1D9-E0786662FFAC}.Debug|Any CPU.Build.0 = Debug|Any CPU
		{C385F3AE-188A-4AD3-B1D9-E0786662FFAC}.Release|Any CPU.ActiveCfg = Release|Any CPU
		{C385F3AE-188A-4AD3-B1D9-E0786662FFAC}.Release|Any CPU.Build.0 = Release|Any CPU
		{6F5A7D53-E233-421B-A5B1-0E1231B0069F}.Debug|Any CPU.ActiveCfg = Debug|Any CPU
		{6F5A7D53-E233-421B-A5B1-0E1231B0069F}.Debug|Any CPU.Build.0 = Debug|Any CPU
		{6F5A7D53-E233-421B-A5B1-0E1231B0069F}.Release|Any CPU.ActiveCfg = Release|Any CPU
		{6F5A7D53-E233-421B-A5B1-0E1231B0069F}.Release|Any CPU.Build.0 = Release|Any CPU
		{D4F4549F-4B3F-4134-B5A4-409E9D900C55}.Debug|Any CPU.ActiveCfg = Debug|Any CPU
		{D4F4549F-4B3F-4134-B5A4-409E9D900C55}.Debug|Any CPU.Build.0 = Debug|Any CPU
		{D4F4549F-4B3F-4134-B5A4-409E9D900C55}.Release|Any CPU.ActiveCfg = Release|Any CPU
		{D4F4549F-4B3F-4134-B5A4-409E9D900C55}.Release|Any CPU.Build.0 = Release|Any CPU
		{1279BB1A-D355-4F71-98F2-FBD6E0FAF1CD}.Debug|Any CPU.ActiveCfg = Debug|Any CPU
		{1279BB1A-D355-4F71-98F2-FBD6E0FAF1CD}.Debug|Any CPU.Build.0 = Debug|Any CPU
		{1279BB1A-D355-4F71-98F2-FBD6E0FAF1CD}.Release|Any CPU.ActiveCfg = Release|Any CPU
		{1279BB1A-D355-4F71-98F2-FBD6E0FAF1CD}.Release|Any CPU.Build.0 = Release|Any CPU
		{73AD9731-B8D4-4357-9953-00144CAADAB2}.Debug|Any CPU.ActiveCfg = Debug|Any CPU
		{73AD9731-B8D4-4357-9953-00144CAADAB2}.Debug|Any CPU.Build.0 = Debug|Any CPU
		{73AD9731-B8D4-4357-9953-00144CAADAB2}.Release|Any CPU.ActiveCfg = Release|Any CPU
		{73AD9731-B8D4-4357-9953-00144CAADAB2}.Release|Any CPU.Build.0 = Release|Any CPU
		{BA846F22-3F62-41EF-86F2-DF1FCF41D5FD}.Debug|Any CPU.ActiveCfg = Debug|Any CPU
		{BA846F22-3F62-41EF-86F2-DF1FCF41D5FD}.Debug|Any CPU.Build.0 = Debug|Any CPU
		{BA846F22-3F62-41EF-86F2-DF1FCF41D5FD}.Release|Any CPU.ActiveCfg = Release|Any CPU
		{BA846F22-3F62-41EF-86F2-DF1FCF41D5FD}.Release|Any CPU.Build.0 = Release|Any CPU
		{807EDB2D-0396-4F1D-9866-B919191004F6}.Debug|Any CPU.ActiveCfg = Debug|Any CPU
		{807EDB2D-0396-4F1D-9866-B919191004F6}.Debug|Any CPU.Build.0 = Debug|Any CPU
		{807EDB2D-0396-4F1D-9866-B919191004F6}.Release|Any CPU.ActiveCfg = Release|Any CPU
		{807EDB2D-0396-4F1D-9866-B919191004F6}.Release|Any CPU.Build.0 = Release|Any CPU
		{A92FE3C5-596C-4678-9AC5-2CBF8E4F6B15}.Debug|Any CPU.ActiveCfg = Debug|Any CPU
		{A92FE3C5-596C-4678-9AC5-2CBF8E4F6B15}.Debug|Any CPU.Build.0 = Debug|Any CPU
		{A92FE3C5-596C-4678-9AC5-2CBF8E4F6B15}.Release|Any CPU.ActiveCfg = Release|Any CPU
		{A92FE3C5-596C-4678-9AC5-2CBF8E4F6B15}.Release|Any CPU.Build.0 = Release|Any CPU
		{41FC8355-A3BA-4F5F-BC94-C1BA45C3DECA}.Debug|Any CPU.ActiveCfg = Debug|Any CPU
		{41FC8355-A3BA-4F5F-BC94-C1BA45C3DECA}.Debug|Any CPU.Build.0 = Debug|Any CPU
		{41FC8355-A3BA-4F5F-BC94-C1BA45C3DECA}.Release|Any CPU.ActiveCfg = Release|Any CPU
		{41FC8355-A3BA-4F5F-BC94-C1BA45C3DECA}.Release|Any CPU.Build.0 = Release|Any CPU
	EndGlobalSection
	GlobalSection(SolutionProperties) = preSolution
		HideSolutionNode = FALSE
	EndGlobalSection
	GlobalSection(NestedProjects) = preSolution
		{6F5A7D53-E233-421B-A5B1-0E1231B0069F} = {DC7267BD-2E13-4C4D-9BED-2699F62BAEF6}
		{73AD9731-B8D4-4357-9953-00144CAADAB2} = {DC7267BD-2E13-4C4D-9BED-2699F62BAEF6}
		{807EDB2D-0396-4F1D-9866-B919191004F6} = {CCB56BC3-8F2F-4793-9C0D-0BF1A95CE05E}
		{A92FE3C5-596C-4678-9AC5-2CBF8E4F6B15} = {CCB56BC3-8F2F-4793-9C0D-0BF1A95CE05E}
		{41FC8355-A3BA-4F5F-BC94-C1BA45C3DECA} = {CCB56BC3-8F2F-4793-9C0D-0BF1A95CE05E}
	EndGlobalSection
	GlobalSection(ExtensibilityGlobals) = postSolution
		SolutionGuid = {342FF04B-4AA0-406A-A06B-1A25DC621FC9}
	EndGlobalSection
EndGlobal
